// !$*UTF8*$!
{
	archiveVersion = 1;
	classes = {
	};
	objectVersion = 50;
	objects = {

/* Begin PBXBuildFile section */
		A0181DAB24DCDBC6007E0DEF /* BookStore_LucasCorreaTests.swift in Sources */ = {isa = PBXBuildFile; fileRef = A0181DAA24DCDBC6007E0DEF /* BookStore_LucasCorreaTests.swift */; };
		A0181DCF24DCDC43007E0DEF /* Assets.xcassets in Resources */ = {isa = PBXBuildFile; fileRef = A0181DBE24DCDC42007E0DEF /* Assets.xcassets */; };
		A0181DD024DCDC43007E0DEF /* LaunchScreen.storyboard in Resources */ = {isa = PBXBuildFile; fileRef = A0181DBF24DCDC42007E0DEF /* LaunchScreen.storyboard */; };
		A0181DD124DCDC43007E0DEF /* Main.storyboard in Resources */ = {isa = PBXBuildFile; fileRef = A0181DC124DCDC42007E0DEF /* Main.storyboard */; };
		A0181DD324DCDC43007E0DEF /* AppDelegate.swift in Sources */ = {isa = PBXBuildFile; fileRef = A0181DCD24DCDC42007E0DEF /* AppDelegate.swift */; };
		A0181DD424DCDC43007E0DEF /* SceneDelegate.swift in Sources */ = {isa = PBXBuildFile; fileRef = A0181DCE24DCDC42007E0DEF /* SceneDelegate.swift */; };
		A0181DD624DCDED3007E0DEF /* BookStoreCollectionViewController.swift in Sources */ = {isa = PBXBuildFile; fileRef = A0181DD524DCDED3007E0DEF /* BookStoreCollectionViewController.swift */; };
		A0181DEA24DCE294007E0DEF /* BookStoreCoordinator.swift in Sources */ = {isa = PBXBuildFile; fileRef = A0181DE924DCE294007E0DEF /* BookStoreCoordinator.swift */; };
		A0181DED24DCE2E0007E0DEF /* AppCoordinator.swift in Sources */ = {isa = PBXBuildFile; fileRef = A0181DEC24DCE2DF007E0DEF /* AppCoordinator.swift */; };
		A0181DF024DCE309007E0DEF /* Coordinator.swift in Sources */ = {isa = PBXBuildFile; fileRef = A0181DEE24DCE309007E0DEF /* Coordinator.swift */; };
		A0181DF124DCE309007E0DEF /* BaseCoordinator.swift in Sources */ = {isa = PBXBuildFile; fileRef = A0181DEF24DCE309007E0DEF /* BaseCoordinator.swift */; };
		A0181DF324DCE388007E0DEF /* Storyboard+Ext.swift in Sources */ = {isa = PBXBuildFile; fileRef = A0181DF224DCE388007E0DEF /* Storyboard+Ext.swift */; };
		A0181DF524DCE41D007E0DEF /* NSObject+Ext.swift in Sources */ = {isa = PBXBuildFile; fileRef = A0181DF424DCE41D007E0DEF /* NSObject+Ext.swift */; };
/* End PBXBuildFile section */

/* Begin PBXContainerItemProxy section */
		A0181DA724DCDBC6007E0DEF /* PBXContainerItemProxy */ = {
			isa = PBXContainerItemProxy;
			containerPortal = A0181D8824DCDBBF007E0DEF /* Project object */;
			proxyType = 1;
			remoteGlobalIDString = A0181D8F24DCDBBF007E0DEF;
			remoteInfo = BookStore_LucasCorrea;
		};
/* End PBXContainerItemProxy section */

/* Begin PBXFileReference section */
		A0181D9024DCDBBF007E0DEF /* BookStore_LucasCorrea.app */ = {isa = PBXFileReference; explicitFileType = wrapper.application; includeInIndex = 0; path = BookStore_LucasCorrea.app; sourceTree = BUILT_PRODUCTS_DIR; };
		A0181DA124DCDBC5007E0DEF /* Info.plist */ = {isa = PBXFileReference; lastKnownFileType = text.plist.xml; path = Info.plist; sourceTree = "<group>"; };
		A0181DA624DCDBC6007E0DEF /* BookStore_LucasCorreaTests.xctest */ = {isa = PBXFileReference; explicitFileType = wrapper.cfbundle; includeInIndex = 0; path = BookStore_LucasCorreaTests.xctest; sourceTree = BUILT_PRODUCTS_DIR; };
		A0181DAA24DCDBC6007E0DEF /* BookStore_LucasCorreaTests.swift */ = {isa = PBXFileReference; lastKnownFileType = sourcecode.swift; path = BookStore_LucasCorreaTests.swift; sourceTree = "<group>"; };
		A0181DAC24DCDBC6007E0DEF /* Info.plist */ = {isa = PBXFileReference; lastKnownFileType = text.plist.xml; path = Info.plist; sourceTree = "<group>"; };
		A0181DBE24DCDC42007E0DEF /* Assets.xcassets */ = {isa = PBXFileReference; lastKnownFileType = folder.assetcatalog; path = Assets.xcassets; sourceTree = "<group>"; };
		A0181DC024DCDC42007E0DEF /* Base */ = {isa = PBXFileReference; lastKnownFileType = file.storyboard; name = Base; path = Base.lproj/LaunchScreen.storyboard; sourceTree = "<group>"; };
		A0181DC224DCDC42007E0DEF /* Base */ = {isa = PBXFileReference; lastKnownFileType = file.storyboard; name = Base; path = Base.lproj/Main.storyboard; sourceTree = "<group>"; };
		A0181DCD24DCDC42007E0DEF /* AppDelegate.swift */ = {isa = PBXFileReference; fileEncoding = 4; lastKnownFileType = sourcecode.swift; path = AppDelegate.swift; sourceTree = "<group>"; };
		A0181DCE24DCDC42007E0DEF /* SceneDelegate.swift */ = {isa = PBXFileReference; fileEncoding = 4; lastKnownFileType = sourcecode.swift; path = SceneDelegate.swift; sourceTree = "<group>"; };
		A0181DD524DCDED3007E0DEF /* BookStoreCollectionViewController.swift */ = {isa = PBXFileReference; lastKnownFileType = sourcecode.swift; path = BookStoreCollectionViewController.swift; sourceTree = "<group>"; };
		A0181DE924DCE294007E0DEF /* BookStoreCoordinator.swift */ = {isa = PBXFileReference; fileEncoding = 4; lastKnownFileType = sourcecode.swift; path = BookStoreCoordinator.swift; sourceTree = "<group>"; };
		A0181DEC24DCE2DF007E0DEF /* AppCoordinator.swift */ = {isa = PBXFileReference; fileEncoding = 4; lastKnownFileType = sourcecode.swift; path = AppCoordinator.swift; sourceTree = "<group>"; };
		A0181DEE24DCE309007E0DEF /* Coordinator.swift */ = {isa = PBXFileReference; fileEncoding = 4; lastKnownFileType = sourcecode.swift; path = Coordinator.swift; sourceTree = "<group>"; };
		A0181DEF24DCE309007E0DEF /* BaseCoordinator.swift */ = {isa = PBXFileReference; fileEncoding = 4; lastKnownFileType = sourcecode.swift; path = BaseCoordinator.swift; sourceTree = "<group>"; };
		A0181DF224DCE388007E0DEF /* Storyboard+Ext.swift */ = {isa = PBXFileReference; lastKnownFileType = sourcecode.swift; path = "Storyboard+Ext.swift"; sourceTree = "<group>"; };
		A0181DF424DCE41D007E0DEF /* NSObject+Ext.swift */ = {isa = PBXFileReference; lastKnownFileType = sourcecode.swift; path = "NSObject+Ext.swift"; sourceTree = "<group>"; };
/* End PBXFileReference section */

/* Begin PBXFrameworksBuildPhase section */
		A0181D8D24DCDBBF007E0DEF /* Frameworks */ = {
			isa = PBXFrameworksBuildPhase;
			buildActionMask = 2147483647;
			files = (
			);
			runOnlyForDeploymentPostprocessing = 0;
		};
		A0181DA324DCDBC6007E0DEF /* Frameworks */ = {
			isa = PBXFrameworksBuildPhase;
			buildActionMask = 2147483647;
			files = (
			);
			runOnlyForDeploymentPostprocessing = 0;
		};
/* End PBXFrameworksBuildPhase section */

/* Begin PBXGroup section */
		A0181D8724DCDBBF007E0DEF = {
			isa = PBXGroup;
			children = (
				A0181D9224DCDBBF007E0DEF /* BookStore_LucasCorrea */,
				A0181DA924DCDBC6007E0DEF /* BookStore_LucasCorreaTests */,
				A0181D9124DCDBBF007E0DEF /* Products */,
			);
			sourceTree = "<group>";
		};
		A0181D9124DCDBBF007E0DEF /* Products */ = {
			isa = PBXGroup;
			children = (
				A0181D9024DCDBBF007E0DEF /* BookStore_LucasCorrea.app */,
				A0181DA624DCDBC6007E0DEF /* BookStore_LucasCorreaTests.xctest */,
			);
			name = Products;
			sourceTree = "<group>";
		};
		A0181D9224DCDBBF007E0DEF /* BookStore_LucasCorrea */ = {
			isa = PBXGroup;
			children = (
				A0181DCC24DCDC42007E0DEF /* AppDelegate */,
				A0181DC624DCDC42007E0DEF /* Storyboards */,
				A0181DCB24DCDC42007E0DEF /* Coordinator */,
				A0181DB724DCDC41007E0DEF /* CoreData */,
				A0181DC524DCDC42007E0DEF /* Extensions */,
				A0181DB624DCDC41007E0DEF /* Helpers */,
				A0181DB824DCDC42007E0DEF /* Networking */,
				A0181DB524DCDC41007E0DEF /* Models */,
				A0181DC724DCDC42007E0DEF /* ViewControllers */,
				A0181DC924DCDC42007E0DEF /* ViewModels */,
				A0181DCA24DCDC42007E0DEF /* Views */,
				A0181DBC24DCDC42007E0DEF /* Resources */,
				A0181DA124DCDBC5007E0DEF /* Info.plist */,
			);
			path = BookStore_LucasCorrea;
			sourceTree = "<group>";
		};
		A0181DA924DCDBC6007E0DEF /* BookStore_LucasCorreaTests */ = {
			isa = PBXGroup;
			children = (
				A0181DAA24DCDBC6007E0DEF /* BookStore_LucasCorreaTests.swift */,
				A0181DAC24DCDBC6007E0DEF /* Info.plist */,
			);
			path = BookStore_LucasCorreaTests;
			sourceTree = "<group>";
		};
		A0181DB524DCDC41007E0DEF /* Models */ = {
			isa = PBXGroup;
			children = (
			);
			path = Models;
			sourceTree = "<group>";
		};
		A0181DB624DCDC41007E0DEF /* Helpers */ = {
			isa = PBXGroup;
			children = (
			);
			path = Helpers;
			sourceTree = "<group>";
		};
		A0181DB724DCDC41007E0DEF /* CoreData */ = {
			isa = PBXGroup;
			children = (
			);
			path = CoreData;
			sourceTree = "<group>";
		};
		A0181DB824DCDC42007E0DEF /* Networking */ = {
			isa = PBXGroup;
			children = (
				A0181DB924DCDC42007E0DEF /* Routers */,
				A0181DBA24DCDC42007E0DEF /* Clients */,
				A0181DBB24DCDC42007E0DEF /* Services */,
			);
			path = Networking;
			sourceTree = "<group>";
		};
		A0181DB924DCDC42007E0DEF /* Routers */ = {
			isa = PBXGroup;
			children = (
			);
			path = Routers;
			sourceTree = "<group>";
		};
		A0181DBA24DCDC42007E0DEF /* Clients */ = {
			isa = PBXGroup;
			children = (
			);
			path = Clients;
			sourceTree = "<group>";
		};
		A0181DBB24DCDC42007E0DEF /* Services */ = {
			isa = PBXGroup;
			children = (
			);
			path = Services;
			sourceTree = "<group>";
		};
		A0181DBC24DCDC42007E0DEF /* Resources */ = {
			isa = PBXGroup;
			children = (
				A0181DBD24DCDC42007E0DEF /* Database */,
				A0181DBE24DCDC42007E0DEF /* Assets.xcassets */,
				A0181DC324DCDC42007E0DEF /* i18n */,
				A0181DC424DCDC42007E0DEF /* Fonts */,
			);
			path = Resources;
			sourceTree = "<group>";
		};
		A0181DBD24DCDC42007E0DEF /* Database */ = {
			isa = PBXGroup;
			children = (
			);
			path = Database;
			sourceTree = "<group>";
		};
		A0181DC324DCDC42007E0DEF /* i18n */ = {
			isa = PBXGroup;
			children = (
			);
			path = i18n;
			sourceTree = "<group>";
		};
		A0181DC424DCDC42007E0DEF /* Fonts */ = {
			isa = PBXGroup;
			children = (
			);
			path = Fonts;
			sourceTree = "<group>";
		};
		A0181DC524DCDC42007E0DEF /* Extensions */ = {
			isa = PBXGroup;
			children = (
				A0181DF224DCE388007E0DEF /* Storyboard+Ext.swift */,
				A0181DF424DCE41D007E0DEF /* NSObject+Ext.swift */,
			);
			path = Extensions;
			sourceTree = "<group>";
		};
		A0181DC624DCDC42007E0DEF /* Storyboards */ = {
			isa = PBXGroup;
			children = (
				A0181DBF24DCDC42007E0DEF /* LaunchScreen.storyboard */,
				A0181DC124DCDC42007E0DEF /* Main.storyboard */,
			);
			path = Storyboards;
			sourceTree = "<group>";
		};
		A0181DC724DCDC42007E0DEF /* ViewControllers */ = {
			isa = PBXGroup;
			children = (
				A0181DDD24DCE137007E0DEF /* BookStore */,
			);
			path = ViewControllers;
			sourceTree = "<group>";
		};
		A0181DC924DCDC42007E0DEF /* ViewModels */ = {
			isa = PBXGroup;
			children = (
			);
			path = ViewModels;
			sourceTree = "<group>";
		};
		A0181DCA24DCDC42007E0DEF /* Views */ = {
			isa = PBXGroup;
			children = (
			);
			path = Views;
			sourceTree = "<group>";
		};
		A0181DCB24DCDC42007E0DEF /* Coordinator */ = {
			isa = PBXGroup;
			children = (
				A0181DEE24DCE309007E0DEF /* Coordinator.swift */,
				A0181DEF24DCE309007E0DEF /* BaseCoordinator.swift */,
				A0181DEB24DCE2AD007E0DEF /* App */,
				A0181DDF24DCE22A007E0DEF /* BookStore */,
			);
			path = Coordinator;
			sourceTree = "<group>";
		};
		A0181DCC24DCDC42007E0DEF /* AppDelegate */ = {
			isa = PBXGroup;
			children = (
				A0181DCD24DCDC42007E0DEF /* AppDelegate.swift */,
				A0181DCE24DCDC42007E0DEF /* SceneDelegate.swift */,
			);
			path = AppDelegate;
			sourceTree = "<group>";
		};
		A0181DDD24DCE137007E0DEF /* BookStore */ = {
			isa = PBXGroup;
			children = (
				A0181DD524DCDED3007E0DEF /* BookStoreCollectionViewController.swift */,
			);
			path = BookStore;
			sourceTree = "<group>";
		};
		A0181DDF24DCE22A007E0DEF /* BookStore */ = {
			isa = PBXGroup;
			children = (
				A0181DE924DCE294007E0DEF /* BookStoreCoordinator.swift */,
			);
			path = BookStore;
			sourceTree = "<group>";
		};
		A0181DEB24DCE2AD007E0DEF /* App */ = {
			isa = PBXGroup;
			children = (
				A0181DEC24DCE2DF007E0DEF /* AppCoordinator.swift */,
			);
			path = App;
			sourceTree = "<group>";
		};
/* End PBXGroup section */

/* Begin PBXNativeTarget section */
		A0181D8F24DCDBBF007E0DEF /* BookStore_LucasCorrea */ = {
			isa = PBXNativeTarget;
			buildConfigurationList = A0181DAF24DCDBC6007E0DEF /* Build configuration list for PBXNativeTarget "BookStore_LucasCorrea" */;
			buildPhases = (
				A0181D8C24DCDBBF007E0DEF /* Sources */,
				A0181D8D24DCDBBF007E0DEF /* Frameworks */,
				A0181D8E24DCDBBF007E0DEF /* Resources */,
			);
			buildRules = (
			);
			dependencies = (
			);
			name = BookStore_LucasCorrea;
			productName = BookStore_LucasCorrea;
			productReference = A0181D9024DCDBBF007E0DEF /* BookStore_LucasCorrea.app */;
			productType = "com.apple.product-type.application";
		};
		A0181DA524DCDBC6007E0DEF /* BookStore_LucasCorreaTests */ = {
			isa = PBXNativeTarget;
			buildConfigurationList = A0181DB224DCDBC6007E0DEF /* Build configuration list for PBXNativeTarget "BookStore_LucasCorreaTests" */;
			buildPhases = (
				A0181DA224DCDBC6007E0DEF /* Sources */,
				A0181DA324DCDBC6007E0DEF /* Frameworks */,
				A0181DA424DCDBC6007E0DEF /* Resources */,
			);
			buildRules = (
			);
			dependencies = (
				A0181DA824DCDBC6007E0DEF /* PBXTargetDependency */,
			);
			name = BookStore_LucasCorreaTests;
			productName = BookStore_LucasCorreaTests;
			productReference = A0181DA624DCDBC6007E0DEF /* BookStore_LucasCorreaTests.xctest */;
			productType = "com.apple.product-type.bundle.unit-test";
		};
/* End PBXNativeTarget section */

/* Begin PBXProject section */
		A0181D8824DCDBBF007E0DEF /* Project object */ = {
			isa = PBXProject;
			attributes = {
				LastSwiftUpdateCheck = 1160;
				LastUpgradeCheck = 1160;
				ORGANIZATIONNAME = SiriusCode;
				TargetAttributes = {
					A0181D8F24DCDBBF007E0DEF = {
						CreatedOnToolsVersion = 11.6;
					};
					A0181DA524DCDBC6007E0DEF = {
						CreatedOnToolsVersion = 11.6;
						TestTargetID = A0181D8F24DCDBBF007E0DEF;
					};
				};
			};
			buildConfigurationList = A0181D8B24DCDBBF007E0DEF /* Build configuration list for PBXProject "BookStore_LucasCorrea" */;
			compatibilityVersion = "Xcode 9.3";
			developmentRegion = en;
			hasScannedForEncodings = 0;
			knownRegions = (
				en,
				Base,
			);
			mainGroup = A0181D8724DCDBBF007E0DEF;
			productRefGroup = A0181D9124DCDBBF007E0DEF /* Products */;
			projectDirPath = "";
			projectRoot = "";
			targets = (
				A0181D8F24DCDBBF007E0DEF /* BookStore_LucasCorrea */,
				A0181DA524DCDBC6007E0DEF /* BookStore_LucasCorreaTests */,
			);
		};
/* End PBXProject section */

/* Begin PBXResourcesBuildPhase section */
		A0181D8E24DCDBBF007E0DEF /* Resources */ = {
			isa = PBXResourcesBuildPhase;
			buildActionMask = 2147483647;
			files = (
				A0181DCF24DCDC43007E0DEF /* Assets.xcassets in Resources */,
				A0181DD124DCDC43007E0DEF /* Main.storyboard in Resources */,
				A0181DD024DCDC43007E0DEF /* LaunchScreen.storyboard in Resources */,
			);
			runOnlyForDeploymentPostprocessing = 0;
		};
		A0181DA424DCDBC6007E0DEF /* Resources */ = {
			isa = PBXResourcesBuildPhase;
			buildActionMask = 2147483647;
			files = (
			);
			runOnlyForDeploymentPostprocessing = 0;
		};
/* End PBXResourcesBuildPhase section */

/* Begin PBXSourcesBuildPhase section */
		A0181D8C24DCDBBF007E0DEF /* Sources */ = {
			isa = PBXSourcesBuildPhase;
			buildActionMask = 2147483647;
			files = (
				A0181DEA24DCE294007E0DEF /* BookStoreCoordinator.swift in Sources */,
				A0181DD624DCDED3007E0DEF /* BookStoreCollectionViewController.swift in Sources */,
				A0181DF024DCE309007E0DEF /* Coordinator.swift in Sources */,
				A0181DD324DCDC43007E0DEF /* AppDelegate.swift in Sources */,
				A0181DF324DCE388007E0DEF /* Storyboard+Ext.swift in Sources */,
				A0181DF124DCE309007E0DEF /* BaseCoordinator.swift in Sources */,
				A0181DD424DCDC43007E0DEF /* SceneDelegate.swift in Sources */,
				A0181DED24DCE2E0007E0DEF /* AppCoordinator.swift in Sources */,
				A0181DF524DCE41D007E0DEF /* NSObject+Ext.swift in Sources */,
			);
			runOnlyForDeploymentPostprocessing = 0;
		};
		A0181DA224DCDBC6007E0DEF /* Sources */ = {
			isa = PBXSourcesBuildPhase;
			buildActionMask = 2147483647;
			files = (
				A0181DAB24DCDBC6007E0DEF /* BookStore_LucasCorreaTests.swift in Sources */,
			);
			runOnlyForDeploymentPostprocessing = 0;
		};
/* End PBXSourcesBuildPhase section */

/* Begin PBXTargetDependency section */
		A0181DA824DCDBC6007E0DEF /* PBXTargetDependency */ = {
			isa = PBXTargetDependency;
			target = A0181D8F24DCDBBF007E0DEF /* BookStore_LucasCorrea */;
			targetProxy = A0181DA724DCDBC6007E0DEF /* PBXContainerItemProxy */;
		};
/* End PBXTargetDependency section */

/* Begin PBXVariantGroup section */
		A0181DBF24DCDC42007E0DEF /* LaunchScreen.storyboard */ = {
			isa = PBXVariantGroup;
			children = (
				A0181DC024DCDC42007E0DEF /* Base */,
			);
			name = LaunchScreen.storyboard;
			sourceTree = "<group>";
		};
		A0181DC124DCDC42007E0DEF /* Main.storyboard */ = {
			isa = PBXVariantGroup;
			children = (
				A0181DC224DCDC42007E0DEF /* Base */,
			);
			name = Main.storyboard;
			sourceTree = "<group>";
		};
/* End PBXVariantGroup section */

/* Begin XCBuildConfiguration section */
		A0181DAD24DCDBC6007E0DEF /* Debug */ = {
			isa = XCBuildConfiguration;
			buildSettings = {
				ALWAYS_SEARCH_USER_PATHS = NO;
				CLANG_ANALYZER_NONNULL = YES;
				CLANG_ANALYZER_NUMBER_OBJECT_CONVERSION = YES_AGGRESSIVE;
				CLANG_CXX_LANGUAGE_STANDARD = "gnu++14";
				CLANG_CXX_LIBRARY = "libc++";
				CLANG_ENABLE_MODULES = YES;
				CLANG_ENABLE_OBJC_ARC = YES;
				CLANG_ENABLE_OBJC_WEAK = YES;
				CLANG_WARN_BLOCK_CAPTURE_AUTORELEASING = YES;
				CLANG_WARN_BOOL_CONVERSION = YES;
				CLANG_WARN_COMMA = YES;
				CLANG_WARN_CONSTANT_CONVERSION = YES;
				CLANG_WARN_DEPRECATED_OBJC_IMPLEMENTATIONS = YES;
				CLANG_WARN_DIRECT_OBJC_ISA_USAGE = YES_ERROR;
				CLANG_WARN_DOCUMENTATION_COMMENTS = YES;
				CLANG_WARN_EMPTY_BODY = YES;
				CLANG_WARN_ENUM_CONVERSION = YES;
				CLANG_WARN_INFINITE_RECURSION = YES;
				CLANG_WARN_INT_CONVERSION = YES;
				CLANG_WARN_NON_LITERAL_NULL_CONVERSION = YES;
				CLANG_WARN_OBJC_IMPLICIT_RETAIN_SELF = YES;
				CLANG_WARN_OBJC_LITERAL_CONVERSION = YES;
				CLANG_WARN_OBJC_ROOT_CLASS = YES_ERROR;
				CLANG_WARN_RANGE_LOOP_ANALYSIS = YES;
				CLANG_WARN_STRICT_PROTOTYPES = YES;
				CLANG_WARN_SUSPICIOUS_MOVE = YES;
				CLANG_WARN_UNGUARDED_AVAILABILITY = YES_AGGRESSIVE;
				CLANG_WARN_UNREACHABLE_CODE = YES;
				CLANG_WARN__DUPLICATE_METHOD_MATCH = YES;
				COPY_PHASE_STRIP = NO;
				DEBUG_INFORMATION_FORMAT = dwarf;
				ENABLE_STRICT_OBJC_MSGSEND = YES;
				ENABLE_TESTABILITY = YES;
				GCC_C_LANGUAGE_STANDARD = gnu11;
				GCC_DYNAMIC_NO_PIC = NO;
				GCC_NO_COMMON_BLOCKS = YES;
				GCC_OPTIMIZATION_LEVEL = 0;
				GCC_PREPROCESSOR_DEFINITIONS = (
					"DEBUG=1",
					"$(inherited)",
				);
				GCC_WARN_64_TO_32_BIT_CONVERSION = YES;
				GCC_WARN_ABOUT_RETURN_TYPE = YES_ERROR;
				GCC_WARN_UNDECLARED_SELECTOR = YES;
				GCC_WARN_UNINITIALIZED_AUTOS = YES_AGGRESSIVE;
				GCC_WARN_UNUSED_FUNCTION = YES;
				GCC_WARN_UNUSED_VARIABLE = YES;
				IPHONEOS_DEPLOYMENT_TARGET = 13.6;
				MTL_ENABLE_DEBUG_INFO = INCLUDE_SOURCE;
				MTL_FAST_MATH = YES;
				ONLY_ACTIVE_ARCH = YES;
				SDKROOT = iphoneos;
				SWIFT_ACTIVE_COMPILATION_CONDITIONS = DEBUG;
				SWIFT_OPTIMIZATION_LEVEL = "-Onone";
			};
			name = Debug;
		};
		A0181DAE24DCDBC6007E0DEF /* Release */ = {
			isa = XCBuildConfiguration;
			buildSettings = {
				ALWAYS_SEARCH_USER_PATHS = NO;
				CLANG_ANALYZER_NONNULL = YES;
				CLANG_ANALYZER_NUMBER_OBJECT_CONVERSION = YES_AGGRESSIVE;
				CLANG_CXX_LANGUAGE_STANDARD = "gnu++14";
				CLANG_CXX_LIBRARY = "libc++";
				CLANG_ENABLE_MODULES = YES;
				CLANG_ENABLE_OBJC_ARC = YES;
				CLANG_ENABLE_OBJC_WEAK = YES;
				CLANG_WARN_BLOCK_CAPTURE_AUTORELEASING = YES;
				CLANG_WARN_BOOL_CONVERSION = YES;
				CLANG_WARN_COMMA = YES;
				CLANG_WARN_CONSTANT_CONVERSION = YES;
				CLANG_WARN_DEPRECATED_OBJC_IMPLEMENTATIONS = YES;
				CLANG_WARN_DIRECT_OBJC_ISA_USAGE = YES_ERROR;
				CLANG_WARN_DOCUMENTATION_COMMENTS = YES;
				CLANG_WARN_EMPTY_BODY = YES;
				CLANG_WARN_ENUM_CONVERSION = YES;
				CLANG_WARN_INFINITE_RECURSION = YES;
				CLANG_WARN_INT_CONVERSION = YES;
				CLANG_WARN_NON_LITERAL_NULL_CONVERSION = YES;
				CLANG_WARN_OBJC_IMPLICIT_RETAIN_SELF = YES;
				CLANG_WARN_OBJC_LITERAL_CONVERSION = YES;
				CLANG_WARN_OBJC_ROOT_CLASS = YES_ERROR;
				CLANG_WARN_RANGE_LOOP_ANALYSIS = YES;
				CLANG_WARN_STRICT_PROTOTYPES = YES;
				CLANG_WARN_SUSPICIOUS_MOVE = YES;
				CLANG_WARN_UNGUARDED_AVAILABILITY = YES_AGGRESSIVE;
				CLANG_WARN_UNREACHABLE_CODE = YES;
				CLANG_WARN__DUPLICATE_METHOD_MATCH = YES;
				COPY_PHASE_STRIP = NO;
				DEBUG_INFORMATION_FORMAT = "dwarf-with-dsym";
				ENABLE_NS_ASSERTIONS = NO;
				ENABLE_STRICT_OBJC_MSGSEND = YES;
				GCC_C_LANGUAGE_STANDARD = gnu11;
				GCC_NO_COMMON_BLOCKS = YES;
				GCC_WARN_64_TO_32_BIT_CONVERSION = YES;
				GCC_WARN_ABOUT_RETURN_TYPE = YES_ERROR;
				GCC_WARN_UNDECLARED_SELECTOR = YES;
				GCC_WARN_UNINITIALIZED_AUTOS = YES_AGGRESSIVE;
				GCC_WARN_UNUSED_FUNCTION = YES;
				GCC_WARN_UNUSED_VARIABLE = YES;
				IPHONEOS_DEPLOYMENT_TARGET = 13.6;
				MTL_ENABLE_DEBUG_INFO = NO;
				MTL_FAST_MATH = YES;
				SDKROOT = iphoneos;
				SWIFT_COMPILATION_MODE = wholemodule;
				SWIFT_OPTIMIZATION_LEVEL = "-O";
				VALIDATE_PRODUCT = YES;
			};
			name = Release;
		};
		A0181DB024DCDBC6007E0DEF /* Debug */ = {
			isa = XCBuildConfiguration;
			buildSettings = {
				ASSETCATALOG_COMPILER_APPICON_NAME = AppIcon;
				CODE_SIGN_STYLE = Automatic;
				DEVELOPMENT_TEAM = 6CG326ELR9;
				INFOPLIST_FILE = BookStore_LucasCorrea/Info.plist;
				LD_RUNPATH_SEARCH_PATHS = (
					"$(inherited)",
					"@executable_path/Frameworks",
				);
				PRODUCT_BUNDLE_IDENTIFIER = "com.siriuscode.BookStore-LucasCorrea";
				PRODUCT_NAME = "$(TARGET_NAME)";
				SWIFT_VERSION = 5.0;
				TARGETED_DEVICE_FAMILY = "1,2";
			};
			name = Debug;
		};
		A0181DB124DCDBC6007E0DEF /* Release */ = {
			isa = XCBuildConfiguration;
			buildSettings = {
				ASSETCATALOG_COMPILER_APPICON_NAME = AppIcon;
				CODE_SIGN_STYLE = Automatic;
				DEVELOPMENT_TEAM = 6CG326ELR9;
				INFOPLIST_FILE = BookStore_LucasCorrea/Info.plist;
				LD_RUNPATH_SEARCH_PATHS = (
					"$(inherited)",
					"@executable_path/Frameworks",
				);
				PRODUCT_BUNDLE_IDENTIFIER = "com.siriuscode.BookStore-LucasCorrea";
				PRODUCT_NAME = "$(TARGET_NAME)";
				SWIFT_VERSION = 5.0;
				TARGETED_DEVICE_FAMILY = "1,2";
			};
			name = Release;
		};
		A0181DB324DCDBC6007E0DEF /* Debug */ = {
			isa = XCBuildConfiguration;
			buildSettings = {
				ALWAYS_EMBED_SWIFT_STANDARD_LIBRARIES = YES;
				BUNDLE_LOADER = "$(TEST_HOST)";
				CODE_SIGN_STYLE = Automatic;
				DEVELOPMENT_TEAM = 6CG326ELR9;
				INFOPLIST_FILE = BookStore_LucasCorreaTests/Info.plist;
				IPHONEOS_DEPLOYMENT_TARGET = 13.6;
				LD_RUNPATH_SEARCH_PATHS = (
					"$(inherited)",
					"@executable_path/Frameworks",
					"@loader_path/Frameworks",
				);
				PRODUCT_BUNDLE_IDENTIFIER = "com.siriuscode.BookStore-LucasCorreaTests";
				PRODUCT_NAME = "$(TARGET_NAME)";
				SWIFT_VERSION = 5.0;
				TARGETED_DEVICE_FAMILY = "1,2";
				TEST_HOST = "$(BUILT_PRODUCTS_DIR)/BookStore_LucasCorrea.app/BookStore_LucasCorrea";
			};
			name = Debug;
		};
		A0181DB424DCDBC6007E0DEF /* Release */ = {
			isa = XCBuildConfiguration;
			buildSettings = {
				ALWAYS_EMBED_SWIFT_STANDARD_LIBRARIES = YES;
				BUNDLE_LOADER = "$(TEST_HOST)";
				CODE_SIGN_STYLE = Automatic;
				DEVELOPMENT_TEAM = 6CG326ELR9;
				INFOPLIST_FILE = BookStore_LucasCorreaTests/Info.plist;
				IPHONEOS_DEPLOYMENT_TARGET = 13.6;
				LD_RUNPATH_SEARCH_PATHS = (
					"$(inherited)",
					"@executable_path/Frameworks",
					"@loader_path/Frameworks",
				);
				PRODUCT_BUNDLE_IDENTIFIER = "com.siriuscode.BookStore-LucasCorreaTests";
				PRODUCT_NAME = "$(TARGET_NAME)";
				SWIFT_VERSION = 5.0;
				TARGETED_DEVICE_FAMILY = "1,2";
				TEST_HOST = "$(BUILT_PRODUCTS_DIR)/BookStore_LucasCorrea.app/BookStore_LucasCorrea";
			};
			name = Release;
		};
/* End XCBuildConfiguration section */

/* Begin XCConfigurationList section */
		A0181D8B24DCDBBF007E0DEF /* Build configuration list for PBXProject "BookStore_LucasCorrea" */ = {
			isa = XCConfigurationList;
			buildConfigurations = (
				A0181DAD24DCDBC6007E0DEF /* Debug */,
				A0181DAE24DCDBC6007E0DEF /* Release */,
			);
			defaultConfigurationIsVisible = 0;
			defaultConfigurationName = Release;
		};
		A0181DAF24DCDBC6007E0DEF /* Build configuration list for PBXNativeTarget "BookStore_LucasCorrea" */ = {
			isa = XCConfigurationList;
			buildConfigurations = (
				A0181DB024DCDBC6007E0DEF /* Debug */,
				A0181DB124DCDBC6007E0DEF /* Release */,
			);
			defaultConfigurationIsVisible = 0;
			defaultConfigurationName = Release;
		};
		A0181DB224DCDBC6007E0DEF /* Build configuration list for PBXNativeTarget "BookStore_LucasCorreaTests" */ = {
			isa = XCConfigurationList;
			buildConfigurations = (
				A0181DB324DCDBC6007E0DEF /* Debug */,
				A0181DB424DCDBC6007E0DEF /* Release */,
			);
			defaultConfigurationIsVisible = 0;
			defaultConfigurationName = Release;
		};
/* End XCConfigurationList section */
	};
	rootObject = A0181D8824DCDBBF007E0DEF /* Project object */;
}
